
Microsoft Visual Studio Solution File, Format Version 12.00
# Visual Studio Version 17
VisualStudioVersion = 17.0.31903.59
MinimumVisualStudioVersion = 10.0.40219.1
Project("{2150E333-8FDC-42A3-9474-1A3956D46DE8}") = "src", "src", "{7B1E38B2-D876-40B1-B5AF-D6CE1A159635}"
EndProject
Project("{FAE04EC0-301F-11D3-BF4B-00C04F79EFBC}") = "DroneSim.Core", "src\Core\DroneSim.Core.csproj", "{3984EF9E-AB04-4C0C-A05D-D7F7B5951A0F}"
EndProject
Project("{2150E333-8FDC-42A3-9474-1A3956D46DE8}") = "Modules", "Modules", "{02112552-2114-4C12-AA0E-DE4A2E783800}"
EndProject
Project("{FAE04EC0-301F-11D3-BF4B-00C04F79EFBC}") = "DroneSim.TerrainGenerator", "src\Modules\TerrainGenerator\DroneSim.TerrainGenerator.csproj", "{8B327314-C360-4D9E-A182-24BDDF1F82CD}"
EndProject
Project("{FAE04EC0-301F-11D3-BF4B-00C04F79EFBC}") = "DroneSim.PlayerInput", "src\Modules\PlayerInput\DroneSim.PlayerInput.csproj", "{DE3F02FF-AB21-4362-A020-5251EE758075}"
EndProject
Project("{FAE04EC0-301F-11D3-BF4B-00C04F79EFBC}") = "DroneSim.FlightDynamics", "src\Modules\FlightDynamics\DroneSim.FlightDynamics.csproj", "{D451BFCB-05F9-4993-A2B8-7739080470C8}"
EndProject
Project("{FAE04EC0-301F-11D3-BF4B-00C04F79EFBC}") = "DroneSim.PhysicsService", "src\Modules\PhysicsService\DroneSim.PhysicsService.csproj", "{E96954DE-906C-4AE3-9E88-DB2FEE3FEAF3}"
EndProject
Project("{FAE04EC0-301F-11D3-BF4B-00C04F79EFBC}") = "DroneSim.Autopilot", "src\Modules\Autopilot\DroneSim.Autopilot.csproj", "{B63D2D85-47F9-454B-A6B1-1D801D5D4893}"
EndProject
Project("{FAE04EC0-301F-11D3-BF4B-00C04F79EFBC}") = "DroneSim.AISpawner", "src\Modules\AIDroneSpawner\DroneSim.AISpawner.csproj", "{B4CC337A-F97F-4A89-8188-23FF686D91A7}"
EndProject
Project("{FAE04EC0-301F-11D3-BF4B-00C04F79EFBC}") = "DroneSim.Renderer", "src\Modules\Renderer\DroneSim.Renderer.csproj", "{B9F49D38-1A45-499B-9280-3F962E54E002}"
EndProject
Project("{FAE04EC0-301F-11D3-BF4B-00C04F79EFBC}") = "DroneSim.DebugDraw", "src\Modules\DebugDrawService\DroneSim.DebugDraw.csproj", "{948BF3E9-1C26-4A3D-BE98-55BDE89DF36E}"
EndProject
Project("{FAE04EC0-301F-11D3-BF4B-00C04F79EFBC}") = "DroneSim.App", "src\App\DroneSim.App.csproj", "{0D3798F1-E8EE-454A-83CB-B23A20D8CCA7}"
EndProject
Project("{2150E333-8FDC-42A3-9474-1A3956D46DE8}") = "tests", "tests", "{DC6CAC15-F41F-4370-8EF7-76A9F0183FBA}"
EndProject
Project("{2150E333-8FDC-42A3-9474-1A3956D46DE8}") = "UnitTests", "UnitTests", "{F408E937-C4A4-41AA-B502-B6E15E395095}"
EndProject
Project("{FAE04EC0-301F-11D3-BF4B-00C04F79EFBC}") = "DroneSim.Core.Tests", "tests\UnitTests\DroneSim.Core.Tests\DroneSim.Core.Tests.csproj", "{A6D296B7-3EED-493A-8470-2061042F5F1C}"
EndProject
Project("{FAE04EC0-301F-11D3-BF4B-00C04F79EFBC}") = "DroneSim.TerrainGenerator.Tests", "tests\UnitTests\DroneSim.TerrainGenerator.Tests\DroneSim.TerrainGenerator.Tests.csproj", "{1D257FC8-8CA1-4D58-B33F-4FC216A4E81D}"
EndProject
Project("{FAE04EC0-301F-11D3-BF4B-00C04F79EFBC}") = "DroneSim.PlayerInput.Tests", "tests\UnitTests\DroneSim.PlayerInput.Tests\DroneSim.PlayerInput.Tests.csproj", "{0348E093-7403-452C-A14A-224F43842557}"
EndProject
Project("{FAE04EC0-301F-11D3-BF4B-00C04F79EFBC}") = "DroneSim.FlightDynamics.Tests", "tests\UnitTests\DroneSim.FlightDynamics.Tests\DroneSim.FlightDynamics.Tests.csproj", "{F0BEC7F2-3600-4B76-AD73-08566E42D940}"
EndProject
Project("{FAE04EC0-301F-11D3-BF4B-00C04F79EFBC}") = "DroneSim.PhysicsService.Tests", "tests\UnitTests\DroneSim.PhysicsService.Tests\DroneSim.PhysicsService.Tests.csproj", "{1AF9947C-F5CF-4AE4-AF64-886A26C4BB64}"
EndProject
Project("{FAE04EC0-301F-11D3-BF4B-00C04F79EFBC}") = "DroneSim.Autopilot.Tests", "tests\UnitTests\DroneSim.Autopilot.Tests\DroneSim.Autopilot.Tests.csproj", "{70A0CD6E-8E75-4A8A-AE4E-B68EF8613932}"
EndProject
Project("{FAE04EC0-301F-11D3-BF4B-00C04F79EFBC}") = "DroneSim.AISpawner.Tests", "tests\UnitTests\DroneSim.AISpawner.Tests\DroneSim.AISpawner.Tests.csproj", "{1ABCE4C3-C568-4619-9EDB-9A76D67E7E86}"
EndProject
Project("{FAE04EC0-301F-11D3-BF4B-00C04F79EFBC}") = "DroneSim.Renderer.Tests", "tests\UnitTests\DroneSim.Renderer.Tests\DroneSim.Renderer.Tests.csproj", "{B2079274-EC63-42B9-A990-244DB9FDBE09}"
EndProject
Project("{FAE04EC0-301F-11D3-BF4B-00C04F79EFBC}") = "DroneSim.DebugDraw.Tests", "tests\UnitTests\DroneSim.DebugDraw.Tests\DroneSim.DebugDraw.Tests.csproj", "{E1E609F8-E432-4C1A-8B54-544264DA2884}"
EndProject
Global
	GlobalSection(SolutionConfigurationPlatforms) = preSolution
		Debug|Any CPU = Debug|Any CPU
		Release|Any CPU = Release|Any CPU
	EndGlobalSection
	GlobalSection(SolutionProperties) = preSolution
		HideSolutionNode = FALSE
	EndGlobalSection
	GlobalSection(ProjectConfigurationPlatforms) = postSolution
		{3984EF9E-AB04-4C0C-A05D-D7F7B5951A0F}.Debug|Any CPU.ActiveCfg = Debug|Any CPU
		{3984EF9E-AB04-4C0C-A05D-D7F7B5951A0F}.Debug|Any CPU.Build.0 = Debug|Any CPU
		{3984EF9E-AB04-4C0C-A05D-D7F7B5951A0F}.Release|Any CPU.ActiveCfg = Release|Any CPU
		{3984EF9E-AB04-4C0C-A05D-D7F7B5951A0F}.Release|Any CPU.Build.0 = Release|Any CPU
		{8B327314-C360-4D9E-A182-24BDDF1F82CD}.Debug|Any CPU.ActiveCfg = Debug|Any CPU
		{8B327314-C360-4D9E-A182-24BDDF1F82CD}.Debug|Any CPU.Build.0 = Debug|Any CPU
		{8B327314-C360-4D9E-A182-24BDDF1F82CD}.Release|Any CPU.ActiveCfg = Release|Any CPU
		{8B327314-C360-4D9E-A182-24BDDF1F82CD}.Release|Any CPU.Build.0 = Release|Any CPU
		{DE3F02FF-AB21-4362-A020-5251EE758075}.Debug|Any CPU.ActiveCfg = Debug|Any CPU
		{DE3F02FF-AB21-4362-A020-5251EE758075}.Debug|Any CPU.Build.0 = Debug|Any CPU
		{DE3F02FF-AB21-4362-A020-5251EE758075}.Release|Any CPU.ActiveCfg = Release|Any CPU
		{DE3F02FF-AB21-4362-A020-5251EE758075}.Release|Any CPU.Build.0 = Release|Any CPU
		{D451BFCB-05F9-4993-A2B8-7739080470C8}.Debug|Any CPU.ActiveCfg = Debug|Any CPU
		{D451BFCB-05F9-4993-A2B8-7739080470C8}.Debug|Any CPU.Build.0 = Debug|Any CPU
		{D451BFCB-05F9-4993-A2B8-7739080470C8}.Release|Any CPU.ActiveCfg = Release|Any CPU
		{D451BFCB-05F9-4993-A2B8-7739080470C8}.Release|Any CPU.Build.0 = Release|Any CPU
		{E96954DE-906C-4AE3-9E88-DB2FEE3FEAF3}.Debug|Any CPU.ActiveCfg = Debug|Any CPU
		{E96954DE-906C-4AE3-9E88-DB2FEE3FEAF3}.Debug|Any CPU.Build.0 = Debug|Any CPU
		{E96954DE-906C-4AE3-9E88-DB2FEE3FEAF3}.Release|Any CPU.ActiveCfg = Release|Any CPU
		{E96954DE-906C-4AE3-9E88-DB2FEE3FEAF3}.Release|Any CPU.Build.0 = Release|Any CPU
		{B63D2D85-47F9-454B-A6B1-1D801D5D4893}.Debug|Any CPU.ActiveCfg = Debug|Any CPU
		{B63D2D85-47F9-454B-A6B1-1D801D5D4893}.Debug|Any CPU.Build.0 = Debug|Any CPU
		{B63D2D85-47F9-454B-A6B1-1D801D5D4893}.Release|Any CPU.ActiveCfg = Release|Any CPU
		{B63D2D85-47F9-454B-A6B1-1D801D5D4893}.Release|Any CPU.Build.0 = Release|Any CPU
		{B4CC337A-F97F-4A89-8188-23FF686D91A7}.Debug|Any CPU.ActiveCfg = Debug|Any CPU
		{B4CC337A-F97F-4A89-8188-23FF686D91A7}.Debug|Any CPU.Build.0 = Debug|Any CPU
		{B4CC337A-F97F-4A89-8188-23FF686D91A7}.Release|Any CPU.ActiveCfg = Release|Any CPU
		{B4CC337A-F97F-4A89-8188-23FF686D91A7}.Release|Any CPU.Build.0 = Release|Any CPU
		{B9F49D38-1A45-499B-9280-3F962E54E002}.Debug|Any CPU.ActiveCfg = Debug|Any CPU
		{B9F49D38-1A45-499B-9280-3F962E54E002}.Debug|Any CPU.Build.0 = Debug|Any CPU
		{B9F49D38-1A45-499B-9280-3F962E54E002}.Release|Any CPU.ActiveCfg = Release|Any CPU
		{B9F49D38-1A45-499B-9280-3F962E54E002}.Release|Any CPU.Build.0 = Release|Any CPU
		{948BF3E9-1C26-4A3D-BE98-55BDE89DF36E}.Debug|Any CPU.ActiveCfg = Debug|Any CPU
		{948BF3E9-1C26-4A3D-BE98-55BDE89DF36E}.Debug|Any CPU.Build.0 = Debug|Any CPU
		{948BF3E9-1C26-4A3D-BE98-55BDE89DF36E}.Release|Any CPU.ActiveCfg = Release|Any CPU
		{948BF3E9-1C26-4A3D-BE98-55BDE89DF36E}.Release|Any CPU.Build.0 = Release|Any CPU
		{0D3798F1-E8EE-454A-83CB-B23A20D8CCA7}.Debug|Any CPU.ActiveCfg = Debug|Any CPU
		{0D3798F1-E8EE-454A-83CB-B23A20D8CCA7}.Debug|Any CPU.Build.0 = Debug|Any CPU
		{0D3798F1-E8EE-454A-83CB-B23A20D8CCA7}.Release|Any CPU.ActiveCfg = Release|Any CPU
		{0D3798F1-E8EE-454A-83CB-B23A20D8CCA7}.Release|Any CPU.Build.0 = Release|Any CPU
		{A6D296B7-3EED-493A-8470-2061042F5F1C}.Debug|Any CPU.ActiveCfg = Debug|Any CPU
		{A6D296B7-3EED-493A-8470-2061042F5F1C}.Debug|Any CPU.Build.0 = Debug|Any CPU
		{A6D296B7-3EED-493A-8470-2061042F5F1C}.Release|Any CPU.ActiveCfg = Release|Any CPU
		{A6D296B7-3EED-493A-8470-2061042F5F1C}.Release|Any CPU.Build.0 = Release|Any CPU
		{1D257FC8-8CA1-4D58-B33F-4FC216A4E81D}.Debug|Any CPU.ActiveCfg = Debug|Any CPU
		{1D257FC8-8CA1-4D58-B33F-4FC216A4E81D}.Debug|Any CPU.Build.0 = Debug|Any CPU
		{1D257FC8-8CA1-4D58-B33F-4FC216A4E81D}.Release|Any CPU.ActiveCfg = Release|Any CPU
		{1D257FC8-8CA1-4D58-B33F-4FC216A4E81D}.Release|Any CPU.Build.0 = Release|Any CPU
		{0348E093-7403-452C-A14A-224F43842557}.Debug|Any CPU.ActiveCfg = Debug|Any CPU
		{0348E093-7403-452C-A14A-224F43842557}.Debug|Any CPU.Build.0 = Debug|Any CPU
		{0348E093-7403-452C-A14A-224F43842557}.Release|Any CPU.ActiveCfg = Release|Any CPU
		{0348E093-7403-452C-A14A-224F43842557}.Release|Any CPU.Build.0 = Release|Any CPU
		{F0BEC7F2-3600-4B76-AD73-08566E42D940}.Debug|Any CPU.ActiveCfg = Debug|Any CPU
		{F0BEC7F2-3600-4B76-AD73-08566E42D940}.Debug|Any CPU.Build.0 = Debug|Any CPU
		{F0BEC7F2-3600-4B76-AD73-08566E42D940}.Release|Any CPU.ActiveCfg = Release|Any CPU
		{F0BEC7F2-3600-4B76-AD73-08566E42D940}.Release|Any CPU.Build.0 = Release|Any CPU
		{1AF9947C-F5CF-4AE4-AF64-886A26C4BB64}.Debug|Any CPU.ActiveCfg = Debug|Any CPU
		{1AF9947C-F5CF-4AE4-AF64-886A26C4BB64}.Debug|Any CPU.Build.0 = Debug|Any CPU
		{1AF9947C-F5CF-4AE4-AF64-886A26C4BB64}.Release|Any CPU.ActiveCfg = Release|Any CPU
		{1AF9947C-F5CF-4AE4-AF64-886A26C4BB64}.Release|Any CPU.Build.0 = Release|Any CPU
		{70A0CD6E-8E75-4A8A-AE4E-B68EF8613932}.Debug|Any CPU.ActiveCfg = Debug|Any CPU
		{70A0CD6E-8E75-4A8A-AE4E-B68EF8613932}.Debug|Any CPU.Build.0 = Debug|Any CPU
		{70A0CD6E-8E75-4A8A-AE4E-B68EF8613932}.Release|Any CPU.ActiveCfg = Release|Any CPU
		{70A0CD6E-8E75-4A8A-AE4E-B68EF8613932}.Release|Any CPU.Build.0 = Release|Any CPU
		{1ABCE4C3-C568-4619-9EDB-9A76D67E7E86}.Debug|Any CPU.ActiveCfg = Debug|Any CPU
		{1ABCE4C3-C568-4619-9EDB-9A76D67E7E86}.Debug|Any CPU.Build.0 = Debug|Any CPU
		{1ABCE4C3-C568-4619-9EDB-9A76D67E7E86}.Release|Any CPU.ActiveCfg = Release|Any CPU
		{1ABCE4C3-C568-4619-9EDB-9A76D67E7E86}.Release|Any CPU.Build.0 = Release|Any CPU
		{B2079274-EC63-42B9-A990-244DB9FDBE09}.Debug|Any CPU.ActiveCfg = Debug|Any CPU
		{B2079274-EC63-42B9-A990-244DB9FDBE09}.Debug|Any CPU.Build.0 = Debug|Any CPU
		{B2079274-EC63-42B9-A990-244DB9FDBE09}.Release|Any CPU.ActiveCfg = Release|Any CPU
		{B2079274-EC63-42B9-A990-244DB9FDBE09}.Release|Any CPU.Build.0 = Release|Any CPU
		{E1E609F8-E432-4C1A-8B54-544264DA2884}.Debug|Any CPU.ActiveCfg = Debug|Any CPU
		{E1E609F8-E432-4C1A-8B54-544264DA2884}.Debug|Any CPU.Build.0 = Debug|Any CPU
		{E1E609F8-E432-4C1A-8B54-544264DA2884}.Release|Any CPU.ActiveCfg = Release|Any CPU
		{E1E609F8-E432-4C1A-8B54-544264DA2884}.Release|Any CPU.Build.0 = Release|Any CPU
	EndGlobalSection
	GlobalSection(NestedProjects) = preSolution
		{3984EF9E-AB04-4C0C-A05D-D7F7B5951A0F} = {7B1E38B2-D876-40B1-B5AF-D6CE1A159635}
		{02112552-2114-4C12-AA0E-DE4A2E783800} = {7B1E38B2-D876-40B1-B5AF-D6CE1A159635}
		{8B327314-C360-4D9E-A182-24BDDF1F82CD} = {02112552-2114-4C12-AA0E-DE4A2E783800}
		{DE3F02FF-AB21-4362-A020-5251EE758075} = {02112552-2114-4C12-AA0E-DE4A2E783800}
		{D451BFCB-05F9-4993-A2B8-7739080470C8} = {02112552-2114-4C12-AA0E-DE4A2E783800}
		{E96954DE-906C-4AE3-9E88-DB2FEE3FEAF3} = {02112552-2114-4C12-AA0E-DE4A2E783800}
		{B63D2D85-47F9-454B-A6B1-1D801D5D4893} = {02112552-2114-4C12-AA0E-DE4A2E783800}
		{B4CC337A-F97F-4A89-8188-23FF686D91A7} = {02112552-2114-4C12-AA0E-DE4A2E783800}
		{B9F49D38-1A45-499B-9280-3F962E54E002} = {02112552-2114-4C12-AA0E-DE4A2E783800}
		{948BF3E9-1C26-4A3D-BE98-55BDE89DF36E} = {02112552-2114-4C12-AA0E-DE4A2E783800}
		{0D3798F1-E8EE-454A-83CB-B23A20D8CCA7} = {7B1E38B2-D876-40B1-B5AF-D6CE1A159635}
		{F408E937-C4A4-41AA-B502-B6E15E395095} = {DC6CAC15-F41F-4370-8EF7-76A9F0183FBA}
		{A6D296B7-3EED-493A-8470-2061042F5F1C} = {F408E937-C4A4-41AA-B502-B6E15E395095}
		{1D257FC8-8CA1-4D58-B33F-4FC216A4E81D} = {F408E937-C4A4-41AA-B502-B6E15E395095}
		{0348E093-7403-452C-A14A-224F43842557} = {F408E937-C4A4-41AA-B502-B6E15E395095}
		{F0BEC7F2-3600-4B76-AD73-08566E42D940} = {F408E937-C4A4-41AA-B502-B6E15E395095}
		{1AF9947C-F5CF-4AE4-AF64-886A26C4BB64} = {F408E937-C4A4-41AA-B502-B6E15E395095}
		{70A0CD6E-8E75-4A8A-AE4E-B68EF8613932} = {F408E937-C4A4-41AA-B502-B6E15E395095}
		{1ABCE4C3-C568-4619-9EDB-9A76D67E7E86} = {F408E937-C4A4-41AA-B502-B6E15E395095}
		{B2079274-EC63-42B9-A990-244DB9FDBE09} = {F408E937-C4A4-41AA-B502-B6E15E395095}
		{E1E609F8-E432-4C1A-8B54-544264DA2884} = {F408E937-C4A4-41AA-B502-B6E15E395095}
	EndGlobalSection
EndGlobal
